
Microsoft Visual Studio Solution File, Format Version 12.00
# Visual Studio 2013
VisualStudioVersion = 12.0.21005.1
MinimumVisualStudioVersion = 10.0.40219.1
Project("{FAE04EC0-301F-11D3-BF4B-00C04F79EFBC}") = "WebInterface", "WebInterface\WebInterface.csproj", "{2132E036-838C-417A-8751-85075A0C07F5}"
EndProject
Project("{FAE04EC0-301F-11D3-BF4B-00C04F79EFBC}") = "DbHelper", "DbHelper\DbHelper.csproj", "{FD6E7F6D-6333-40E4-AB8E-697CC906E80B}"
EndProject
Project("{FAE04EC0-301F-11D3-BF4B-00C04F79EFBC}") = "utility", "utility\utility.csproj", "{10859F05-2557-4BC5-8296-77E1C426E988}"
EndProject
Global
	GlobalSection(SolutionConfigurationPlatforms) = preSolution
		Debug|Any CPU = Debug|Any CPU
		Release|Any CPU = Release|Any CPU
	EndGlobalSection
	GlobalSection(ProjectConfigurationPlatforms) = postSolution
		{2132E036-838C-417A-8751-85075A0C07F5}.Debug|Any CPU.ActiveCfg = Debug|Any CPU
		{2132E036-838C-417A-8751-85075A0C07F5}.Debug|Any CPU.Build.0 = Debug|Any CPU
		{2132E036-838C-417A-8751-85075A0C07F5}.Release|Any CPU.ActiveCfg = Release|Any CPU
		{2132E036-838C-417A-8751-85075A0C07F5}.Release|Any CPU.Build.0 = Release|Any CPU
		{FD6E7F6D-6333-40E4-AB8E-697CC906E80B}.Debug|Any CPU.ActiveCfg = Debug|Any CPU
		{FD6E7F6D-6333-40E4-AB8E-697CC906E80B}.Debug|Any CPU.Build.0 = Debug|Any CPU
		{FD6E7F6D-6333-40E4-AB8E-697CC906E80B}.Release|Any CPU.ActiveCfg = Release|Any CPU
		{FD6E7F6D-6333-40E4-AB8E-697CC906E80B}.Release|Any CPU.Build.0 = Release|Any CPU
		{10859F05-2557-4BC5-8296-77E1C426E988}.Debug|Any CPU.ActiveCfg = Debug|Any CPU
		{10859F05-2557-4BC5-8296-77E1C426E988}.Debug|Any CPU.Build.0 = Debug|Any CPU
		{10859F05-2557-4BC5-8296-77E1C426E988}.Release|Any CPU.ActiveCfg = Release|Any CPU
		{10859F05-2557-4BC5-8296-77E1C426E988}.Release|Any CPU.Build.0 = Release|Any CPU
	EndGlobalSection
	GlobalSection(SolutionProperties) = preSolution
		HideSolutionNode = FALSE
	EndGlobalSection
EndGlobal
